{
    "version": 3,
    "terraform_version": "0.7.7",
    "serial": 19,
    "lineage": "1da739bd-e50f-46e0-8fce-92b0a0a357e6",
    "modules": [
        {
            "path": [
                "root"
            ],
            "outputs": {
                "lambda_arns": {
                    "sensitive": false,
                    "type": "list",
                    "value": [
                        "arn:aws:lambda:us-east-1:834873887160:function:compliance_check_cis_rules",
                        "arn:aws:lambda:us-east-1:834873887160:function:compliance_check_cloud_trail",
                        "arn:aws:lambda:us-east-1:834873887160:function:compliance_check_compliance_role",
                        "arn:aws:lambda:us-east-1:834873887160:function:compliance_check_ec2_tagging",
                        "arn:aws:lambda:us-east-1:834873887160:function:compliance_check_identity_provider",
                        "arn:aws:lambda:us-east-1:834873887160:function:compliance_check_standard_roles_policies"
                    ]
                },
                "lambda_role_arn": {
                    "sensitive": false,
                    "type": "list",
                    "value": [
                        "arn:aws:iam::834873887160:role/temp-lambda-test"
                    ]
                },
                "lambda_versions": {
                    "sensitive": false,
                    "type": "list",
                    "value": [
                        "21",
                        "21",
                        "21",
                        "21",
                        "21",
                        "21"
                    ]
                }
            },
            "resources": {
                "aws_iam_policy.temp-lambda-test": {
                    "type": "aws_iam_policy",
                    "depends_on": [
                        "data.aws_iam_policy_document.temp-lambda-test"
                    ],
                    "primary": {
                        "id": "arn:aws:iam::834873887160:policy/temp-lambda-test",
                        "attributes": {
                            "arn": "arn:aws:iam::834873887160:policy/temp-lambda-test",
                            "id": "arn:aws:iam::834873887160:policy/temp-lambda-test",
                            "name": "temp-lambda-test",
                            "path": "/",
                            "policy": "{\n  \"Version\": \"2012-10-17\",\n  \"Statement\": [\n    {\n      \"Sid\": \"\",\n      \"Effect\": \"Allow\",\n      \"Action\": [\n        \"sts:AssumeRole\",\n        \"logs:PutLogEvents\",\n        \"logs:CreateLogStream\",\n        \"logs:CreateLogGroup\"\n      ],\n      \"Resource\": \"*\"\n    }\n  ]\n}"
                        },
                        "meta": {},
                        "tainted": false
                    },
                    "deposed": [],
                    "provider": ""
                },
                "aws_iam_role.temp-lambda-test": {
                    "type": "aws_iam_role",
                    "depends_on": [],
                    "primary": {
                        "id": "temp-lambda-test",
                        "attributes": {
                            "arn": "arn:aws:iam::834873887160:role/temp-lambda-test",
                            "assume_role_policy": "{\n  \"Version\": \"2012-10-17\",\n  \"Statement\": [\n    {\n      \"Action\": \"sts:AssumeRole\",\n      \"Principal\": {\n        \"Service\": \"lambda.amazonaws.com\"\n      },\n      \"Effect\": \"Allow\",\n      \"Sid\": \"\"\n    }\n  ]\n}\n",
                            "id": "temp-lambda-test",
                            "name": "temp-lambda-test",
                            "path": "/",
                            "unique_id": "AROAIGJGJYXM2AUL4YBWG"
                        },
                        "meta": {},
                        "tainted": false
                    },
                    "deposed": [],
                    "provider": ""
                },
                "aws_iam_role_policy_attachment.temp-lambda-test": {
                    "type": "aws_iam_role_policy_attachment",
                    "depends_on": [
                        "aws_iam_policy.temp-lambda-test",
                        "aws_iam_role.temp-lambda-test"
                    ],
                    "primary": {
                        "id": "temp-lambda-test-20170711100430426846278q6h",
                        "attributes": {
                            "id": "temp-lambda-test-20170711100430426846278q6h",
                            "policy_arn": "arn:aws:iam::834873887160:policy/temp-lambda-test",
                            "role": "temp-lambda-test"
                        },
                        "meta": {},
                        "tainted": false
                    },
                    "deposed": [],
                    "provider": ""
                },
                "aws_lambda_alias.test_alias.0": {
                    "type": "aws_lambda_alias",
                    "depends_on": [
                        "aws_lambda_function.test_lambda",
                        "aws_lambda_function.test_lambda"
                    ],
                    "primary": {
                        "id": "arn:aws:lambda:us-east-1:834873887160:function:compliance_check_cis_rules:stage",
                        "attributes": {
                            "arn": "arn:aws:lambda:us-east-1:834873887160:function:compliance_check_cis_rules:stage",
                            "description": "description",
                            "function_name": "compliance_check_cis_rules",
                            "function_version": "21",
                            "id": "arn:aws:lambda:us-east-1:834873887160:function:compliance_check_cis_rules:stage",
                            "name": "stage"
                        },
                        "meta": {},
                        "tainted": false
                    },
                    "deposed": [],
                    "provider": ""
                },
                "aws_lambda_alias.test_alias.1": {
                    "type": "aws_lambda_alias",
                    "depends_on": [
                        "aws_lambda_function.test_lambda",
                        "aws_lambda_function.test_lambda"
                    ],
                    "primary": {
                        "id": "arn:aws:lambda:us-east-1:834873887160:function:compliance_check_cloud_trail:stage",
                        "attributes": {
                            "arn": "arn:aws:lambda:us-east-1:834873887160:function:compliance_check_cloud_trail:stage",
                            "description": "description",
                            "function_name": "compliance_check_cloud_trail",
                            "function_version": "21",
                            "id": "arn:aws:lambda:us-east-1:834873887160:function:compliance_check_cloud_trail:stage",
                            "name": "stage"
                        },
                        "meta": {},
                        "tainted": false
                    },
                    "deposed": [],
                    "provider": ""
                },
                "aws_lambda_alias.test_alias.2": {
                    "type": "aws_lambda_alias",
                    "depends_on": [
                        "aws_lambda_function.test_lambda",
                        "aws_lambda_function.test_lambda"
                    ],
                    "primary": {
                        "id": "arn:aws:lambda:us-east-1:834873887160:function:compliance_check_compliance_role:stage",
                        "attributes": {
                            "arn": "arn:aws:lambda:us-east-1:834873887160:function:compliance_check_compliance_role:stage",
                            "description": "description",
                            "function_name": "compliance_check_compliance_role",
                            "function_version": "21",
                            "id": "arn:aws:lambda:us-east-1:834873887160:function:compliance_check_compliance_role:stage",
                            "name": "stage"
                        },
                        "meta": {},
                        "tainted": false
                    },
                    "deposed": [],
                    "provider": ""
                },
                "aws_lambda_alias.test_alias.3": {
                    "type": "aws_lambda_alias",
                    "depends_on": [
                        "aws_lambda_function.test_lambda",
                        "aws_lambda_function.test_lambda"
                    ],
                    "primary": {
                        "id": "arn:aws:lambda:us-east-1:834873887160:function:compliance_check_ec2_tagging:stage",
                        "attributes": {
                            "arn": "arn:aws:lambda:us-east-1:834873887160:function:compliance_check_ec2_tagging:stage",
                            "description": "description",
                            "function_name": "compliance_check_ec2_tagging",
                            "function_version": "21",
                            "id": "arn:aws:lambda:us-east-1:834873887160:function:compliance_check_ec2_tagging:stage",
                            "name": "stage"
                        },
                        "meta": {},
                        "tainted": false
                    },
                    "deposed": [],
                    "provider": ""
                },
                "aws_lambda_alias.test_alias.4": {
                    "type": "aws_lambda_alias",
                    "depends_on": [
                        "aws_lambda_function.test_lambda",
                        "aws_lambda_function.test_lambda"
                    ],
                    "primary": {
                        "id": "arn:aws:lambda:us-east-1:834873887160:function:compliance_check_identity_provider:stage",
                        "attributes": {
                            "arn": "arn:aws:lambda:us-east-1:834873887160:function:compliance_check_identity_provider:stage",
                            "description": "description",
                            "function_name": "compliance_check_identity_provider",
                            "function_version": "21",
                            "id": "arn:aws:lambda:us-east-1:834873887160:function:compliance_check_identity_provider:stage",
                            "name": "stage"
                        },
                        "meta": {},
                        "tainted": false
                    },
                    "deposed": [],
                    "provider": ""
                },
                "aws_lambda_alias.test_alias.5": {
                    "type": "aws_lambda_alias",
                    "depends_on": [
                        "aws_lambda_function.test_lambda",
                        "aws_lambda_function.test_lambda"
                    ],
                    "primary": {
                        "id": "arn:aws:lambda:us-east-1:834873887160:function:compliance_check_standard_roles_policies:stage",
                        "attributes": {
                            "arn": "arn:aws:lambda:us-east-1:834873887160:function:compliance_check_standard_roles_policies:stage",
                            "description": "description",
                            "function_name": "compliance_check_standard_roles_policies",
                            "function_version": "21",
                            "id": "arn:aws:lambda:us-east-1:834873887160:function:compliance_check_standard_roles_policies:stage",
                            "name": "stage"
                        },
                        "meta": {},
                        "tainted": false
                    },
                    "deposed": [],
                    "provider": ""
                },
                "aws_lambda_function.test_lambda.0": {
                    "type": "aws_lambda_function",
                    "depends_on": [
                        "aws_iam_role.temp-lambda-test"
                    ],
                    "primary": {
                        "id": "compliance_check_cis_rules",
                        "attributes": {
                            "arn": "arn:aws:lambda:us-east-1:834873887160:function:compliance_check_cis_rules",
                            "description": "",
                            "filename": "lambda_functions/compliance_check_cis_rules.zip",
                            "function_name": "compliance_check_cis_rules",
                            "handler": "compliance_check_cis_rules.lambda_handler",
                            "id": "compliance_check_cis_rules",
                            "last_modified": "2017-07-11T10:04:43.495+0000",
                            "memory_size": "128",
                            "publish": "true",
                            "qualified_arn": "arn:aws:lambda:us-east-1:834873887160:function:compliance_check_cis_rules:21",
                            "role": "arn:aws:iam::834873887160:role/temp-lambda-test",
                            "runtime": "python2.7",
                            "source_code_hash": "BvcT1u8nl5cVflEFE5H7C4pT3FQtNl4P17L9g4tP068=",
                            "timeout": "3",
                            "version": "21"
                        },
                        "meta": {},
                        "tainted": false
                    },
                    "deposed": [],
                    "provider": ""
                },
                "aws_lambda_function.test_lambda.1": {
                    "type": "aws_lambda_function",
                    "depends_on": [
                        "aws_iam_role.temp-lambda-test"
                    ],
                    "primary": {
                        "id": "compliance_check_cloud_trail",
                        "attributes": {
                            "arn": "arn:aws:lambda:us-east-1:834873887160:function:compliance_check_cloud_trail",
                            "description": "",
                            "filename": "lambda_functions/compliance_check_cloud_trail.zip",
                            "function_name": "compliance_check_cloud_trail",
                            "handler": "compliance_check_cloud_trail.lambda_handler",
                            "id": "compliance_check_cloud_trail",
                            "last_modified": "2017-07-11T10:04:44.644+0000",
                            "memory_size": "128",
                            "publish": "true",
                            "qualified_arn": "arn:aws:lambda:us-east-1:834873887160:function:compliance_check_cloud_trail:21",
                            "role": "arn:aws:iam::834873887160:role/temp-lambda-test",
                            "runtime": "python2.7",
                            "source_code_hash": "NKp95hrdiwlHjRx7dGXMrYJdXxA75/6ZRcLzwYVPLM8=",
                            "timeout": "3",
                            "version": "21"
                        },
                        "meta": {},
                        "tainted": false
                    },
                    "deposed": [],
                    "provider": ""
                },
                "aws_lambda_function.test_lambda.2": {
                    "type": "aws_lambda_function",
                    "depends_on": [
                        "aws_iam_role.temp-lambda-test"
                    ],
                    "primary": {
                        "id": "compliance_check_compliance_role",
                        "attributes": {
                            "arn": "arn:aws:lambda:us-east-1:834873887160:function:compliance_check_compliance_role",
                            "description": "",
                            "filename": "lambda_functions/compliance_check_compliance_role.zip",
                            "function_name": "compliance_check_compliance_role",
                            "handler": "compliance_check_compliance_role.lambda_handler",
                            "id": "compliance_check_compliance_role",
                            "last_modified": "2017-07-11T10:04:44.215+0000",
                            "memory_size": "128",
                            "publish": "true",
                            "qualified_arn": "arn:aws:lambda:us-east-1:834873887160:function:compliance_check_compliance_role:21",
                            "role": "arn:aws:iam::834873887160:role/temp-lambda-test",
                            "runtime": "python2.7",
                            "source_code_hash": "NpbZXL+j6NDF3pJP1yzO6BzlTqKdtyuzHoaDgPDl2gQ=",
                            "timeout": "3",
                            "version": "21"
                        },
                        "meta": {},
                        "tainted": false
                    },
                    "deposed": [],
                    "provider": ""
                },
                "aws_lambda_function.test_lambda.3": {
                    "type": "aws_lambda_function",
                    "depends_on": [
                        "aws_iam_role.temp-lambda-test"
                    ],
                    "primary": {
                        "id": "compliance_check_ec2_tagging",
                        "attributes": {
                            "arn": "arn:aws:lambda:us-east-1:834873887160:function:compliance_check_ec2_tagging",
                            "description": "",
                            "filename": "lambda_functions/compliance_check_ec2_tagging.zip",
                            "function_name": "compliance_check_ec2_tagging",
                            "handler": "compliance_check_ec2_tagging.lambda_handler",
                            "id": "compliance_check_ec2_tagging",
                            "last_modified": "2017-07-11T10:04:39.894+0000",
                            "memory_size": "128",
                            "publish": "true",
                            "qualified_arn": "arn:aws:lambda:us-east-1:834873887160:function:compliance_check_ec2_tagging:21",
                            "role": "arn:aws:iam::834873887160:role/temp-lambda-test",
                            "runtime": "python2.7",
                            "source_code_hash": "mAqVfMmpuJvt5Eb5LM2BOmzxkC+dZ3PpK7H0O9Isajw=",
                            "timeout": "3",
                            "version": "21"
                        },
                        "meta": {},
                        "tainted": false
                    },
                    "deposed": [],
                    "provider": ""
                },
                "aws_lambda_function.test_lambda.4": {
                    "type": "aws_lambda_function",
                    "depends_on": [
                        "aws_iam_role.temp-lambda-test"
                    ],
                    "primary": {
                        "id": "compliance_check_identity_provider",
                        "attributes": {
                            "arn": "arn:aws:lambda:us-east-1:834873887160:function:compliance_check_identity_provider",
                            "description": "",
                            "filename": "lambda_functions/compliance_check_identity_provider.zip",
                            "function_name": "compliance_check_identity_provider",
                            "handler": "compliance_check_identity_provider.lambda_handler",
                            "id": "compliance_check_identity_provider",
                            "last_modified": "2017-07-11T10:04:43.646+0000",
                            "memory_size": "128",
                            "publish": "true",
                            "qualified_arn": "arn:aws:lambda:us-east-1:834873887160:function:compliance_check_identity_provider:21",
                            "role": "arn:aws:iam::834873887160:role/temp-lambda-test",
                            "runtime": "python2.7",
                            "source_code_hash": "VJRtMcUqiXrF2FPYtbRD6FjZZosNzLUeEGlJNfPc0vo=",
                            "timeout": "3",
                            "version": "21"
                        },
                        "meta": {},
                        "tainted": false
                    },
                    "deposed": [],
                    "provider": ""
                },
                "aws_lambda_function.test_lambda.5": {
                    "type": "aws_lambda_function",
                    "depends_on": [
                        "aws_iam_role.temp-lambda-test"
                    ],
                    "primary": {
                        "id": "compliance_check_standard_roles_policies",
                        "attributes": {
                            "arn": "arn:aws:lambda:us-east-1:834873887160:function:compliance_check_standard_roles_policies",
                            "description": "",
                            "filename": "lambda_functions/compliance_check_standard_roles_policies.zip",
                            "function_name": "compliance_check_standard_roles_policies",
                            "handler": "compliance_check_standard_roles_policies.lambda_handler",
                            "id": "compliance_check_standard_roles_policies",
                            "last_modified": "2017-07-11T10:04:40.503+0000",
                            "memory_size": "128",
                            "publish": "true",
                            "qualified_arn": "arn:aws:lambda:us-east-1:834873887160:function:compliance_check_standard_roles_policies:21",
                            "role": "arn:aws:iam::834873887160:role/temp-lambda-test",
                            "runtime": "python2.7",
                            "source_code_hash": "7RuzlWNuvKbUaOA2zjQEIwVFBgbLy6B0fyjb3OTbgBU=",
                            "timeout": "3",
                            "version": "21"
                        },
                        "meta": {},
                        "tainted": false
                    },
                    "deposed": [],
                    "provider": ""
                },
                "data.aws_iam_policy_document.temp-lambda-test": {
                    "type": "aws_iam_policy_document",
                    "depends_on": [],
                    "primary": {
                        "id": "3210384641",
                        "attributes": {
                            "id": "3210384641",
                            "json": "{\n  \"Version\": \"2012-10-17\",\n  \"Statement\": [\n    {\n      \"Sid\": \"\",\n      \"Effect\": \"Allow\",\n      \"Action\": [\n        \"sts:AssumeRole\",\n        \"logs:PutLogEvents\",\n        \"logs:CreateLogStream\",\n        \"logs:CreateLogGroup\"\n      ],\n      \"Resource\": \"*\"\n    }\n  ]\n}",
                            "statement.#": "1",
                            "statement.0.actions.#": "4",
                            "statement.0.actions.2528466339": "sts:AssumeRole",
                            "statement.0.actions.2809485102": "logs:CreateLogGroup",
                            "statement.0.actions.3285979848": "logs:CreateLogStream",
                            "statement.0.actions.39743051": "logs:PutLogEvents",
                            "statement.0.condition.#": "0",
                            "statement.0.effect": "Allow",
                            "statement.0.not_actions.#": "0",
                            "statement.0.not_principals.#": "0",
                            "statement.0.not_resources.#": "0",
                            "statement.0.principals.#": "0",
                            "statement.0.resources.#": "1",
                            "statement.0.resources.2679715827": "*",
                            "statement.0.sid": ""
                        },
                        "meta": {},
                        "tainted": false
                    },
                    "deposed": [],
                    "provider": ""
                }
            },
            "depends_on": []
        }
    ]
}
